
Microsoft Visual Studio Solution File, Format Version 12.00
# Visual Studio 2013
VisualStudioVersion = 12.0.40629.0
MinimumVisualStudioVersion = 10.0.40219.1
Project("{FAE04EC0-301F-11D3-BF4B-00C04F79EFBC}") = "Account Test", "Account Test\Account Test.csproj", "{040B802D-2989-48F6-A8CC-3242B303FA99}"
EndProject
Project("{FAE04EC0-301F-11D3-BF4B-00C04F79EFBC}") = "BankingModel", "BankingModel\BankingModel.csproj", "{124B6692-04EB-4D8B-B7C0-F1755C56E4F9}"
EndProject
Global
	GlobalSection(SolutionConfigurationPlatforms) = preSolution
		Debug|Any CPU = Debug|Any CPU
		Release|Any CPU = Release|Any CPU
	EndGlobalSection
	GlobalSection(ProjectConfigurationPlatforms) = postSolution
		{040B802D-2989-48F6-A8CC-3242B303FA99}.Debug|Any CPU.ActiveCfg = Debug|Any CPU
		{040B802D-2989-48F6-A8CC-3242B303FA99}.Debug|Any CPU.Build.0 = Debug|Any CPU
		{040B802D-2989-48F6-A8CC-3242B303FA99}.Release|Any CPU.ActiveCfg = Release|Any CPU
		{040B802D-2989-48F6-A8CC-3242B303FA99}.Release|Any CPU.Build.0 = Release|Any CPU
		{124B6692-04EB-4D8B-B7C0-F1755C56E4F9}.Debug|Any CPU.ActiveCfg = Debug|Any CPU
		{124B6692-04EB-4D8B-B7C0-F1755C56E4F9}.Debug|Any CPU.Build.0 = Debug|Any CPU
		{124B6692-04EB-4D8B-B7C0-F1755C56E4F9}.Release|Any CPU.ActiveCfg = Release|Any CPU
		{124B6692-04EB-4D8B-B7C0-F1755C56E4F9}.Release|Any CPU.Build.0 = Release|Any CPU
	EndGlobalSection
	GlobalSection(SolutionProperties) = preSolution
		HideSolutionNode = FALSE
	EndGlobalSection
EndGlobal
